
Microsoft Visual Studio Solution File, Format Version 12.00
# Visual Studio Version 17
VisualStudioVersion = 17.6.33829.357
MinimumVisualStudioVersion = 10.0.40219.1
Project("{9A19103F-16F7-4668-BE54-9A1E7A4F7556}") = "WebApplication1", "Backend\WebApplication1.csproj", "{47662A4B-0BF3-460D-BEC0-EE8BAEEE6A66}"
EndProject
Project("{9A19103F-16F7-4668-BE54-9A1E7A4F7556}") = "EstablishmentProject.test", "Backend_test\EstablishmentProject.test.csproj", "{45E5C08C-C680-43C7-AC25-EF34E1575134}"
EndProject
Global
	GlobalSection(SolutionConfigurationPlatforms) = preSolution
		Debug|Any CPU = Debug|Any CPU
		Release|Any CPU = Release|Any CPU
	EndGlobalSection
	GlobalSection(ProjectConfigurationPlatforms) = postSolution
		{47662A4B-0BF3-460D-BEC0-EE8BAEEE6A66}.Debug|Any CPU.ActiveCfg = Debug|Any CPU
		{47662A4B-0BF3-460D-BEC0-EE8BAEEE6A66}.Debug|Any CPU.Build.0 = Debug|Any CPU
		{47662A4B-0BF3-460D-BEC0-EE8BAEEE6A66}.Release|Any CPU.ActiveCfg = Release|Any CPU
		{47662A4B-0BF3-460D-BEC0-EE8BAEEE6A66}.Release|Any CPU.Build.0 = Release|Any CPU
		{45E5C08C-C680-43C7-AC25-EF34E1575134}.Debug|Any CPU.ActiveCfg = Debug|Any CPU
		{45E5C08C-C680-43C7-AC25-EF34E1575134}.Debug|Any CPU.Build.0 = Debug|Any CPU
		{45E5C08C-C680-43C7-AC25-EF34E1575134}.Release|Any CPU.ActiveCfg = Release|Any CPU
		{45E5C08C-C680-43C7-AC25-EF34E1575134}.Release|Any CPU.Build.0 = Release|Any CPU
	EndGlobalSection
	GlobalSection(SolutionProperties) = preSolution
		HideSolutionNode = FALSE
	EndGlobalSection
	GlobalSection(ExtensibilityGlobals) = postSolution
		SolutionGuid = {FA996A61-9E2E-4274-93F6-FBD34785617A}
	EndGlobalSection
EndGlobal
